
Microsoft Visual Studio Solution File, Format Version 12.00
# Visual Studio 14
VisualStudioVersion = 14.0.25420.1
MinimumVisualStudioVersion = 10.0.40219.1
Project("{FAE04EC0-301F-11D3-BF4B-00C04F79EFBC}") = "Challenger.Droid", "Challenger\Challenger.Droid\Challenger.Droid.csproj", "{FE76EB74-DACE-459A-A062-AF85FDF0A311}"
EndProject
Project("{FAE04EC0-301F-11D3-BF4B-00C04F79EFBC}") = "Challenger.iOS", "Challenger\Challenger.iOS\Challenger.iOS.csproj", "{FA49739A-BF1C-4E0E-A4FB-24BF303034A9}"
EndProject
Project("{FAE04EC0-301F-11D3-BF4B-00C04F79EFBC}") = "Challenger.WinPhone", "Challenger\Challenger.WinPhone\Challenger.WinPhone.csproj", "{A718DF7F-023D-4BE5-ABC4-88F2588C1A6A}"
EndProject
Project("{FAE04EC0-301F-11D3-BF4B-00C04F79EFBC}") = "Challenger.UWP", "Challenger\Challenger.UWP\Challenger.UWP.csproj", "{35D93094-F5DC-4CCF-8A04-AFB0E36F5DF3}"
EndProject
Project("{FAE04EC0-301F-11D3-BF4B-00C04F79EFBC}") = "Challenger.Windows", "Challenger\Challenger.Windows\Challenger.Windows.csproj", "{2330113D-7CBB-41D7-BCA1-34FB78A39F51}"
EndProject
Project("{FAE04EC0-301F-11D3-BF4B-00C04F79EFBC}") = "Challenger", "Challenger\Challenger\Challenger.csproj", "{A7435552-0695-446A-A60E-607BDD85D17C}"
EndProject
Global
	GlobalSection(SolutionConfigurationPlatforms) = preSolution
		Ad-Hoc|Any CPU = Ad-Hoc|Any CPU
		Ad-Hoc|ARM = Ad-Hoc|ARM
		Ad-Hoc|iPhone = Ad-Hoc|iPhone
		Ad-Hoc|iPhoneSimulator = Ad-Hoc|iPhoneSimulator
		Ad-Hoc|x64 = Ad-Hoc|x64
		Ad-Hoc|x86 = Ad-Hoc|x86
		AppStore|Any CPU = AppStore|Any CPU
		AppStore|ARM = AppStore|ARM
		AppStore|iPhone = AppStore|iPhone
		AppStore|iPhoneSimulator = AppStore|iPhoneSimulator
		AppStore|x64 = AppStore|x64
		AppStore|x86 = AppStore|x86
		Debug|Any CPU = Debug|Any CPU
		Debug|ARM = Debug|ARM
		Debug|iPhone = Debug|iPhone
		Debug|iPhoneSimulator = Debug|iPhoneSimulator
		Debug|x64 = Debug|x64
		Debug|x86 = Debug|x86
		Release|Any CPU = Release|Any CPU
		Release|ARM = Release|ARM
		Release|iPhone = Release|iPhone
		Release|iPhoneSimulator = Release|iPhoneSimulator
		Release|x64 = Release|x64
		Release|x86 = Release|x86
	EndGlobalSection
	GlobalSection(ProjectConfigurationPlatforms) = postSolution
		{FE76EB74-DACE-459A-A062-AF85FDF0A311}.Ad-Hoc|Any CPU.ActiveCfg = Release|Any CPU
		{FE76EB74-DACE-459A-A062-AF85FDF0A311}.Ad-Hoc|Any CPU.Build.0 = Release|Any CPU
		{FE76EB74-DACE-459A-A062-AF85FDF0A311}.Ad-Hoc|Any CPU.Deploy.0 = Release|Any CPU
		{FE76EB74-DACE-459A-A062-AF85FDF0A311}.Ad-Hoc|ARM.ActiveCfg = Release|Any CPU
		{FE76EB74-DACE-459A-A062-AF85FDF0A311}.Ad-Hoc|ARM.Build.0 = Release|Any CPU
		{FE76EB74-DACE-459A-A062-AF85FDF0A311}.Ad-Hoc|ARM.Deploy.0 = Release|Any CPU
		{FE76EB74-DACE-459A-A062-AF85FDF0A311}.Ad-Hoc|iPhone.ActiveCfg = Release|Any CPU
		{FE76EB74-DACE-459A-A062-AF85FDF0A311}.Ad-Hoc|iPhone.Build.0 = Release|Any CPU
		{FE76EB74-DACE-459A-A062-AF85FDF0A311}.Ad-Hoc|iPhone.Deploy.0 = Release|Any CPU
		{FE76EB74-DACE-459A-A062-AF85FDF0A311}.Ad-Hoc|iPhoneSimulator.ActiveCfg = Release|Any CPU
		{FE76EB74-DACE-459A-A062-AF85FDF0A311}.Ad-Hoc|iPhoneSimulator.Build.0 = Release|Any CPU
		{FE76EB74-DACE-459A-A062-AF85FDF0A311}.Ad-Hoc|iPhoneSimulator.Deploy.0 = Release|Any CPU
		{FE76EB74-DACE-459A-A062-AF85FDF0A311}.Ad-Hoc|x64.ActiveCfg = Release|Any CPU
		{FE76EB74-DACE-459A-A062-AF85FDF0A311}.Ad-Hoc|x64.Build.0 = Release|Any CPU
		{FE76EB74-DACE-459A-A062-AF85FDF0A311}.Ad-Hoc|x64.Deploy.0 = Release|Any CPU
		{FE76EB74-DACE-459A-A062-AF85FDF0A311}.Ad-Hoc|x86.ActiveCfg = Release|Any CPU
		{FE76EB74-DACE-459A-A062-AF85FDF0A311}.Ad-Hoc|x86.Build.0 = Release|Any CPU
		{FE76EB74-DACE-459A-A062-AF85FDF0A311}.Ad-Hoc|x86.Deploy.0 = Release|Any CPU
		{FE76EB74-DACE-459A-A062-AF85FDF0A311}.AppStore|Any CPU.ActiveCfg = Release|Any CPU
		{FE76EB74-DACE-459A-A062-AF85FDF0A311}.AppStore|Any CPU.Build.0 = Release|Any CPU
		{FE76EB74-DACE-459A-A062-AF85FDF0A311}.AppStore|Any CPU.Deploy.0 = Release|Any CPU
		{FE76EB74-DACE-459A-A062-AF85FDF0A311}.AppStore|ARM.ActiveCfg = Release|Any CPU
		{FE76EB74-DACE-459A-A062-AF85FDF0A311}.AppStore|ARM.Build.0 = Release|Any CPU
		{FE76EB74-DACE-459A-A062-AF85FDF0A311}.AppStore|ARM.Deploy.0 = Release|Any CPU
		{FE76EB74-DACE-459A-A062-AF85FDF0A311}.AppStore|iPhone.ActiveCfg = Release|Any CPU
		{FE76EB74-DACE-459A-A062-AF85FDF0A311}.AppStore|iPhone.Build.0 = Release|Any CPU
		{FE76EB74-DACE-459A-A062-AF85FDF0A311}.AppStore|iPhone.Deploy.0 = Release|Any CPU
		{FE76EB74-DACE-459A-A062-AF85FDF0A311}.AppStore|iPhoneSimulator.ActiveCfg = Release|Any CPU
		{FE76EB74-DACE-459A-A062-AF85FDF0A311}.AppStore|iPhoneSimulator.Build.0 = Release|Any CPU
		{FE76EB74-DACE-459A-A062-AF85FDF0A311}.AppStore|iPhoneSimulator.Deploy.0 = Release|Any CPU
		{FE76EB74-DACE-459A-A062-AF85FDF0A311}.AppStore|x64.ActiveCfg = Release|Any CPU
		{FE76EB74-DACE-459A-A062-AF85FDF0A311}.AppStore|x64.Build.0 = Release|Any CPU
		{FE76EB74-DACE-459A-A062-AF85FDF0A311}.AppStore|x64.Deploy.0 = Release|Any CPU
		{FE76EB74-DACE-459A-A062-AF85FDF0A311}.AppStore|x86.ActiveCfg = Release|Any CPU
		{FE76EB74-DACE-459A-A062-AF85FDF0A311}.AppStore|x86.Build.0 = Release|Any CPU
		{FE76EB74-DACE-459A-A062-AF85FDF0A311}.AppStore|x86.Deploy.0 = Release|Any CPU
		{FE76EB74-DACE-459A-A062-AF85FDF0A311}.Debug|Any CPU.ActiveCfg = Debug|Any CPU
		{FE76EB74-DACE-459A-A062-AF85FDF0A311}.Debug|Any CPU.Build.0 = Debug|Any CPU
		{FE76EB74-DACE-459A-A062-AF85FDF0A311}.Debug|Any CPU.Deploy.0 = Debug|Any CPU
		{FE76EB74-DACE-459A-A062-AF85FDF0A311}.Debug|ARM.ActiveCfg = Debug|Any CPU
		{FE76EB74-DACE-459A-A062-AF85FDF0A311}.Debug|ARM.Build.0 = Debug|Any CPU
		{FE76EB74-DACE-459A-A062-AF85FDF0A311}.Debug|ARM.Deploy.0 = Debug|Any CPU
		{FE76EB74-DACE-459A-A062-AF85FDF0A311}.Debug|iPhone.ActiveCfg = Debug|Any CPU
		{FE76EB74-DACE-459A-A062-AF85FDF0A311}.Debug|iPhone.Build.0 = Debug|Any CPU
		{FE76EB74-DACE-459A-A062-AF85FDF0A311}.Debug|iPhone.Deploy.0 = Debug|Any CPU
		{FE76EB74-DACE-459A-A062-AF85FDF0A311}.Debug|iPhoneSimulator.ActiveCfg = Debug|Any CPU
		{FE76EB74-DACE-459A-A062-AF85FDF0A311}.Debug|iPhoneSimulator.Build.0 = Debug|Any CPU
		{FE76EB74-DACE-459A-A062-AF85FDF0A311}.Debug|iPhoneSimulator.Deploy.0 = Debug|Any CPU
		{FE76EB74-DACE-459A-A062-AF85FDF0A311}.Debug|x64.ActiveCfg = Debug|Any CPU
		{FE76EB74-DACE-459A-A062-AF85FDF0A311}.Debug|x64.Build.0 = Debug|Any CPU
		{FE76EB74-DACE-459A-A062-AF85FDF0A311}.Debug|x64.Deploy.0 = Debug|Any CPU
		{FE76EB74-DACE-459A-A062-AF85FDF0A311}.Debug|x86.ActiveCfg = Debug|Any CPU
		{FE76EB74-DACE-459A-A062-AF85FDF0A311}.Debug|x86.Build.0 = Debug|Any CPU
		{FE76EB74-DACE-459A-A062-AF85FDF0A311}.Debug|x86.Deploy.0 = Debug|Any CPU
		{FE76EB74-DACE-459A-A062-AF85FDF0A311}.Release|Any CPU.ActiveCfg = Release|Any CPU
		{FE76EB74-DACE-459A-A062-AF85FDF0A311}.Release|Any CPU.Build.0 = Release|Any CPU
		{FE76EB74-DACE-459A-A062-AF85FDF0A311}.Release|Any CPU.Deploy.0 = Release|Any CPU
		{FE76EB74-DACE-459A-A062-AF85FDF0A311}.Release|ARM.ActiveCfg = Release|Any CPU
		{FE76EB74-DACE-459A-A062-AF85FDF0A311}.Release|ARM.Build.0 = Release|Any CPU
		{FE76EB74-DACE-459A-A062-AF85FDF0A311}.Release|ARM.Deploy.0 = Release|Any CPU
		{FE76EB74-DACE-459A-A062-AF85FDF0A311}.Release|iPhone.ActiveCfg = Release|Any CPU
		{FE76EB74-DACE-459A-A062-AF85FDF0A311}.Release|iPhone.Build.0 = Release|Any CPU
		{FE76EB74-DACE-459A-A062-AF85FDF0A311}.Release|iPhone.Deploy.0 = Release|Any CPU
		{FE76EB74-DACE-459A-A062-AF85FDF0A311}.Release|iPhoneSimulator.ActiveCfg = Release|Any CPU
		{FE76EB74-DACE-459A-A062-AF85FDF0A311}.Release|iPhoneSimulator.Build.0 = Release|Any CPU
		{FE76EB74-DACE-459A-A062-AF85FDF0A311}.Release|iPhoneSimulator.Deploy.0 = Release|Any CPU
		{FE76EB74-DACE-459A-A062-AF85FDF0A311}.Release|x64.ActiveCfg = Release|Any CPU
		{FE76EB74-DACE-459A-A062-AF85FDF0A311}.Release|x64.Build.0 = Release|Any CPU
		{FE76EB74-DACE-459A-A062-AF85FDF0A311}.Release|x64.Deploy.0 = Release|Any CPU
		{FE76EB74-DACE-459A-A062-AF85FDF0A311}.Release|x86.ActiveCfg = Release|Any CPU
		{FE76EB74-DACE-459A-A062-AF85FDF0A311}.Release|x86.Build.0 = Release|Any CPU
		{FE76EB74-DACE-459A-A062-AF85FDF0A311}.Release|x86.Deploy.0 = Release|Any CPU
		{FA49739A-BF1C-4E0E-A4FB-24BF303034A9}.Ad-Hoc|Any CPU.ActiveCfg = Ad-Hoc|iPhone
		{FA49739A-BF1C-4E0E-A4FB-24BF303034A9}.Ad-Hoc|ARM.ActiveCfg = Ad-Hoc|iPhone
		{FA49739A-BF1C-4E0E-A4FB-24BF303034A9}.Ad-Hoc|iPhone.ActiveCfg = Ad-Hoc|iPhone
		{FA49739A-BF1C-4E0E-A4FB-24BF303034A9}.Ad-Hoc|iPhone.Build.0 = Ad-Hoc|iPhone
		{FA49739A-BF1C-4E0E-A4FB-24BF303034A9}.Ad-Hoc|iPhoneSimulator.ActiveCfg = Ad-Hoc|iPhoneSimulator
		{FA49739A-BF1C-4E0E-A4FB-24BF303034A9}.Ad-Hoc|iPhoneSimulator.Build.0 = Ad-Hoc|iPhoneSimulator
		{FA49739A-BF1C-4E0E-A4FB-24BF303034A9}.Ad-Hoc|x64.ActiveCfg = Ad-Hoc|iPhone
		{FA49739A-BF1C-4E0E-A4FB-24BF303034A9}.Ad-Hoc|x86.ActiveCfg = Ad-Hoc|iPhone
		{FA49739A-BF1C-4E0E-A4FB-24BF303034A9}.AppStore|Any CPU.ActiveCfg = AppStore|iPhone
		{FA49739A-BF1C-4E0E-A4FB-24BF303034A9}.AppStore|ARM.ActiveCfg = AppStore|iPhone
		{FA49739A-BF1C-4E0E-A4FB-24BF303034A9}.AppStore|iPhone.ActiveCfg = AppStore|iPhone
		{FA49739A-BF1C-4E0E-A4FB-24BF303034A9}.AppStore|iPhone.Build.0 = AppStore|iPhone
		{FA49739A-BF1C-4E0E-A4FB-24BF303034A9}.AppStore|iPhoneSimulator.ActiveCfg = AppStore|iPhoneSimulator
		{FA49739A-BF1C-4E0E-A4FB-24BF303034A9}.AppStore|iPhoneSimulator.Build.0 = AppStore|iPhoneSimulator
		{FA49739A-BF1C-4E0E-A4FB-24BF303034A9}.AppStore|x64.ActiveCfg = AppStore|iPhone
		{FA49739A-BF1C-4E0E-A4FB-24BF303034A9}.AppStore|x86.ActiveCfg = AppStore|iPhone
		{FA49739A-BF1C-4E0E-A4FB-24BF303034A9}.Debug|Any CPU.ActiveCfg = Debug|iPhone
		{FA49739A-BF1C-4E0E-A4FB-24BF303034A9}.Debug|ARM.ActiveCfg = Debug|iPhone
		{FA49739A-BF1C-4E0E-A4FB-24BF303034A9}.Debug|iPhone.ActiveCfg = Debug|iPhone
		{FA49739A-BF1C-4E0E-A4FB-24BF303034A9}.Debug|iPhone.Build.0 = Debug|iPhone
		{FA49739A-BF1C-4E0E-A4FB-24BF303034A9}.Debug|iPhoneSimulator.ActiveCfg = Debug|iPhoneSimulator
		{FA49739A-BF1C-4E0E-A4FB-24BF303034A9}.Debug|iPhoneSimulator.Build.0 = Debug|iPhoneSimulator
		{FA49739A-BF1C-4E0E-A4FB-24BF303034A9}.Debug|x64.ActiveCfg = Debug|iPhone
		{FA49739A-BF1C-4E0E-A4FB-24BF303034A9}.Debug|x86.ActiveCfg = Debug|iPhone
		{FA49739A-BF1C-4E0E-A4FB-24BF303034A9}.Release|Any CPU.ActiveCfg = Release|iPhone
		{FA49739A-BF1C-4E0E-A4FB-24BF303034A9}.Release|ARM.ActiveCfg = Release|iPhone
		{FA49739A-BF1C-4E0E-A4FB-24BF303034A9}.Release|iPhone.ActiveCfg = Release|iPhone
		{FA49739A-BF1C-4E0E-A4FB-24BF303034A9}.Release|iPhone.Build.0 = Release|iPhone
		{FA49739A-BF1C-4E0E-A4FB-24BF303034A9}.Release|iPhoneSimulator.ActiveCfg = Release|iPhoneSimulator
		{FA49739A-BF1C-4E0E-A4FB-24BF303034A9}.Release|iPhoneSimulator.Build.0 = Release|iPhoneSimulator
		{FA49739A-BF1C-4E0E-A4FB-24BF303034A9}.Release|x64.ActiveCfg = Release|iPhone
		{FA49739A-BF1C-4E0E-A4FB-24BF303034A9}.Release|x86.ActiveCfg = Release|iPhone
		{A718DF7F-023D-4BE5-ABC4-88F2588C1A6A}.Ad-Hoc|Any CPU.ActiveCfg = Release|Any CPU
		{A718DF7F-023D-4BE5-ABC4-88F2588C1A6A}.Ad-Hoc|Any CPU.Build.0 = Release|Any CPU
		{A718DF7F-023D-4BE5-ABC4-88F2588C1A6A}.Ad-Hoc|Any CPU.Deploy.0 = Release|Any CPU
		{A718DF7F-023D-4BE5-ABC4-88F2588C1A6A}.Ad-Hoc|ARM.ActiveCfg = Release|ARM
		{A718DF7F-023D-4BE5-ABC4-88F2588C1A6A}.Ad-Hoc|ARM.Build.0 = Release|ARM
		{A718DF7F-023D-4BE5-ABC4-88F2588C1A6A}.Ad-Hoc|ARM.Deploy.0 = Release|ARM
		{A718DF7F-023D-4BE5-ABC4-88F2588C1A6A}.Ad-Hoc|iPhone.ActiveCfg = Release|Any CPU
		{A718DF7F-023D-4BE5-ABC4-88F2588C1A6A}.Ad-Hoc|iPhone.Build.0 = Release|Any CPU
		{A718DF7F-023D-4BE5-ABC4-88F2588C1A6A}.Ad-Hoc|iPhone.Deploy.0 = Release|Any CPU
		{A718DF7F-023D-4BE5-ABC4-88F2588C1A6A}.Ad-Hoc|iPhoneSimulator.ActiveCfg = Release|Any CPU
		{A718DF7F-023D-4BE5-ABC4-88F2588C1A6A}.Ad-Hoc|iPhoneSimulator.Build.0 = Release|Any CPU
		{A718DF7F-023D-4BE5-ABC4-88F2588C1A6A}.Ad-Hoc|iPhoneSimulator.Deploy.0 = Release|Any CPU
		{A718DF7F-023D-4BE5-ABC4-88F2588C1A6A}.Ad-Hoc|x64.ActiveCfg = Release|Any CPU
		{A718DF7F-023D-4BE5-ABC4-88F2588C1A6A}.Ad-Hoc|x64.Build.0 = Release|Any CPU
		{A718DF7F-023D-4BE5-ABC4-88F2588C1A6A}.Ad-Hoc|x64.Deploy.0 = Release|Any CPU
		{A718DF7F-023D-4BE5-ABC4-88F2588C1A6A}.Ad-Hoc|x86.ActiveCfg = Release|x86
		{A718DF7F-023D-4BE5-ABC4-88F2588C1A6A}.Ad-Hoc|x86.Build.0 = Release|x86
		{A718DF7F-023D-4BE5-ABC4-88F2588C1A6A}.Ad-Hoc|x86.Deploy.0 = Release|x86
		{A718DF7F-023D-4BE5-ABC4-88F2588C1A6A}.AppStore|Any CPU.ActiveCfg = Release|Any CPU
		{A718DF7F-023D-4BE5-ABC4-88F2588C1A6A}.AppStore|Any CPU.Build.0 = Release|Any CPU
		{A718DF7F-023D-4BE5-ABC4-88F2588C1A6A}.AppStore|Any CPU.Deploy.0 = Release|Any CPU
		{A718DF7F-023D-4BE5-ABC4-88F2588C1A6A}.AppStore|ARM.ActiveCfg = Release|ARM
		{A718DF7F-023D-4BE5-ABC4-88F2588C1A6A}.AppStore|ARM.Build.0 = Release|ARM
		{A718DF7F-023D-4BE5-ABC4-88F2588C1A6A}.AppStore|ARM.Deploy.0 = Release|ARM
		{A718DF7F-023D-4BE5-ABC4-88F2588C1A6A}.AppStore|iPhone.ActiveCfg = Release|Any CPU
		{A718DF7F-023D-4BE5-ABC4-88F2588C1A6A}.AppStore|iPhone.Build.0 = Release|Any CPU
		{A718DF7F-023D-4BE5-ABC4-88F2588C1A6A}.AppStore|iPhone.Deploy.0 = Release|Any CPU
		{A718DF7F-023D-4BE5-ABC4-88F2588C1A6A}.AppStore|iPhoneSimulator.ActiveCfg = Release|Any CPU
		{A718DF7F-023D-4BE5-ABC4-88F2588C1A6A}.AppStore|iPhoneSimulator.Build.0 = Release|Any CPU
		{A718DF7F-023D-4BE5-ABC4-88F2588C1A6A}.AppStore|iPhoneSimulator.Deploy.0 = Release|Any CPU
		{A718DF7F-023D-4BE5-ABC4-88F2588C1A6A}.AppStore|x64.ActiveCfg = Release|Any CPU
		{A718DF7F-023D-4BE5-ABC4-88F2588C1A6A}.AppStore|x64.Build.0 = Release|Any CPU
		{A718DF7F-023D-4BE5-ABC4-88F2588C1A6A}.AppStore|x64.Deploy.0 = Release|Any CPU
		{A718DF7F-023D-4BE5-ABC4-88F2588C1A6A}.AppStore|x86.ActiveCfg = Release|x86
		{A718DF7F-023D-4BE5-ABC4-88F2588C1A6A}.AppStore|x86.Build.0 = Release|x86
		{A718DF7F-023D-4BE5-ABC4-88F2588C1A6A}.AppStore|x86.Deploy.0 = Release|x86
		{A718DF7F-023D-4BE5-ABC4-88F2588C1A6A}.Debug|Any CPU.ActiveCfg = Debug|Any CPU
		{A718DF7F-023D-4BE5-ABC4-88F2588C1A6A}.Debug|Any CPU.Build.0 = Debug|Any CPU
		{A718DF7F-023D-4BE5-ABC4-88F2588C1A6A}.Debug|Any CPU.Deploy.0 = Debug|Any CPU
		{A718DF7F-023D-4BE5-ABC4-88F2588C1A6A}.Debug|ARM.ActiveCfg = Debug|ARM
		{A718DF7F-023D-4BE5-ABC4-88F2588C1A6A}.Debug|ARM.Build.0 = Debug|ARM
		{A718DF7F-023D-4BE5-ABC4-88F2588C1A6A}.Debug|ARM.Deploy.0 = Debug|ARM
		{A718DF7F-023D-4BE5-ABC4-88F2588C1A6A}.Debug|iPhone.ActiveCfg = Debug|Any CPU
		{A718DF7F-023D-4BE5-ABC4-88F2588C1A6A}.Debug|iPhone.Build.0 = Debug|Any CPU
		{A718DF7F-023D-4BE5-ABC4-88F2588C1A6A}.Debug|iPhone.Deploy.0 = Debug|Any CPU
		{A718DF7F-023D-4BE5-ABC4-88F2588C1A6A}.Debug|iPhoneSimulator.ActiveCfg = Debug|Any CPU
		{A718DF7F-023D-4BE5-ABC4-88F2588C1A6A}.Debug|iPhoneSimulator.Build.0 = Debug|Any CPU
		{A718DF7F-023D-4BE5-ABC4-88F2588C1A6A}.Debug|iPhoneSimulator.Deploy.0 = Debug|Any CPU
		{A718DF7F-023D-4BE5-ABC4-88F2588C1A6A}.Debug|x64.ActiveCfg = Debug|Any CPU
		{A718DF7F-023D-4BE5-ABC4-88F2588C1A6A}.Debug|x64.Build.0 = Debug|Any CPU
		{A718DF7F-023D-4BE5-ABC4-88F2588C1A6A}.Debug|x64.Deploy.0 = Debug|Any CPU
		{A718DF7F-023D-4BE5-ABC4-88F2588C1A6A}.Debug|x86.ActiveCfg = Debug|x86
		{A718DF7F-023D-4BE5-ABC4-88F2588C1A6A}.Debug|x86.Build.0 = Debug|x86
		{A718DF7F-023D-4BE5-ABC4-88F2588C1A6A}.Debug|x86.Deploy.0 = Debug|x86
		{A718DF7F-023D-4BE5-ABC4-88F2588C1A6A}.Release|Any CPU.ActiveCfg = Release|Any CPU
		{A718DF7F-023D-4BE5-ABC4-88F2588C1A6A}.Release|Any CPU.Build.0 = Release|Any CPU
		{A718DF7F-023D-4BE5-ABC4-88F2588C1A6A}.Release|Any CPU.Deploy.0 = Release|Any CPU
		{A718DF7F-023D-4BE5-ABC4-88F2588C1A6A}.Release|ARM.ActiveCfg = Release|ARM
		{A718DF7F-023D-4BE5-ABC4-88F2588C1A6A}.Release|ARM.Build.0 = Release|ARM
		{A718DF7F-023D-4BE5-ABC4-88F2588C1A6A}.Release|ARM.Deploy.0 = Release|ARM
		{A718DF7F-023D-4BE5-ABC4-88F2588C1A6A}.Release|iPhone.ActiveCfg = Release|Any CPU
		{A718DF7F-023D-4BE5-ABC4-88F2588C1A6A}.Release|iPhone.Build.0 = Release|Any CPU
		{A718DF7F-023D-4BE5-ABC4-88F2588C1A6A}.Release|iPhone.Deploy.0 = Release|Any CPU
		{A718DF7F-023D-4BE5-ABC4-88F2588C1A6A}.Release|iPhoneSimulator.ActiveCfg = Release|Any CPU
		{A718DF7F-023D-4BE5-ABC4-88F2588C1A6A}.Release|iPhoneSimulator.Build.0 = Release|Any CPU
		{A718DF7F-023D-4BE5-ABC4-88F2588C1A6A}.Release|iPhoneSimulator.Deploy.0 = Release|Any CPU
		{A718DF7F-023D-4BE5-ABC4-88F2588C1A6A}.Release|x64.ActiveCfg = Release|Any CPU
		{A718DF7F-023D-4BE5-ABC4-88F2588C1A6A}.Release|x64.Build.0 = Release|Any CPU
		{A718DF7F-023D-4BE5-ABC4-88F2588C1A6A}.Release|x64.Deploy.0 = Release|Any CPU
		{A718DF7F-023D-4BE5-ABC4-88F2588C1A6A}.Release|x86.ActiveCfg = Release|x86
		{A718DF7F-023D-4BE5-ABC4-88F2588C1A6A}.Release|x86.Build.0 = Release|x86
		{A718DF7F-023D-4BE5-ABC4-88F2588C1A6A}.Release|x86.Deploy.0 = Release|x86
		{35D93094-F5DC-4CCF-8A04-AFB0E36F5DF3}.Ad-Hoc|Any CPU.ActiveCfg = Release|x86
		{35D93094-F5DC-4CCF-8A04-AFB0E36F5DF3}.Ad-Hoc|Any CPU.Build.0 = Release|x86
		{35D93094-F5DC-4CCF-8A04-AFB0E36F5DF3}.Ad-Hoc|Any CPU.Deploy.0 = Release|x86
		{35D93094-F5DC-4CCF-8A04-AFB0E36F5DF3}.Ad-Hoc|ARM.ActiveCfg = Release|ARM
		{35D93094-F5DC-4CCF-8A04-AFB0E36F5DF3}.Ad-Hoc|ARM.Build.0 = Release|ARM
		{35D93094-F5DC-4CCF-8A04-AFB0E36F5DF3}.Ad-Hoc|ARM.Deploy.0 = Release|ARM
		{35D93094-F5DC-4CCF-8A04-AFB0E36F5DF3}.Ad-Hoc|iPhone.ActiveCfg = Release|x86
		{35D93094-F5DC-4CCF-8A04-AFB0E36F5DF3}.Ad-Hoc|iPhone.Build.0 = Release|x86
		{35D93094-F5DC-4CCF-8A04-AFB0E36F5DF3}.Ad-Hoc|iPhone.Deploy.0 = Release|x86
		{35D93094-F5DC-4CCF-8A04-AFB0E36F5DF3}.Ad-Hoc|iPhoneSimulator.ActiveCfg = Release|x86
		{35D93094-F5DC-4CCF-8A04-AFB0E36F5DF3}.Ad-Hoc|iPhoneSimulator.Build.0 = Release|x86
		{35D93094-F5DC-4CCF-8A04-AFB0E36F5DF3}.Ad-Hoc|iPhoneSimulator.Deploy.0 = Release|x86
		{35D93094-F5DC-4CCF-8A04-AFB0E36F5DF3}.Ad-Hoc|x64.ActiveCfg = Release|x64
		{35D93094-F5DC-4CCF-8A04-AFB0E36F5DF3}.Ad-Hoc|x64.Build.0 = Release|x64
		{35D93094-F5DC-4CCF-8A04-AFB0E36F5DF3}.Ad-Hoc|x64.Deploy.0 = Release|x64
		{35D93094-F5DC-4CCF-8A04-AFB0E36F5DF3}.Ad-Hoc|x86.ActiveCfg = Release|x86
		{35D93094-F5DC-4CCF-8A04-AFB0E36F5DF3}.Ad-Hoc|x86.Build.0 = Release|x86
		{35D93094-F5DC-4CCF-8A04-AFB0E36F5DF3}.Ad-Hoc|x86.Deploy.0 = Release|x86
		{35D93094-F5DC-4CCF-8A04-AFB0E36F5DF3}.AppStore|Any CPU.ActiveCfg = Release|x86
		{35D93094-F5DC-4CCF-8A04-AFB0E36F5DF3}.AppStore|Any CPU.Build.0 = Release|x86
		{35D93094-F5DC-4CCF-8A04-AFB0E36F5DF3}.AppStore|Any CPU.Deploy.0 = Release|x86
		{35D93094-F5DC-4CCF-8A04-AFB0E36F5DF3}.AppStore|ARM.ActiveCfg = Release|ARM
		{35D93094-F5DC-4CCF-8A04-AFB0E36F5DF3}.AppStore|ARM.Build.0 = Release|ARM
		{35D93094-F5DC-4CCF-8A04-AFB0E36F5DF3}.AppStore|ARM.Deploy.0 = Release|ARM
		{35D93094-F5DC-4CCF-8A04-AFB0E36F5DF3}.AppStore|iPhone.ActiveCfg = Release|x86
		{35D93094-F5DC-4CCF-8A04-AFB0E36F5DF3}.AppStore|iPhone.Build.0 = Release|x86
		{35D93094-F5DC-4CCF-8A04-AFB0E36F5DF3}.AppStore|iPhone.Deploy.0 = Release|x86
		{35D93094-F5DC-4CCF-8A04-AFB0E36F5DF3}.AppStore|iPhoneSimulator.ActiveCfg = Release|x86
		{35D93094-F5DC-4CCF-8A04-AFB0E36F5DF3}.AppStore|iPhoneSimulator.Build.0 = Release|x86
		{35D93094-F5DC-4CCF-8A04-AFB0E36F5DF3}.AppStore|iPhoneSimulator.Deploy.0 = Release|x86
		{35D93094-F5DC-4CCF-8A04-AFB0E36F5DF3}.AppStore|x64.ActiveCfg = Release|x64
		{35D93094-F5DC-4CCF-8A04-AFB0E36F5DF3}.AppStore|x64.Build.0 = Release|x64
		{35D93094-F5DC-4CCF-8A04-AFB0E36F5DF3}.AppStore|x64.Deploy.0 = Release|x64
		{35D93094-F5DC-4CCF-8A04-AFB0E36F5DF3}.AppStore|x86.ActiveCfg = Release|x86
		{35D93094-F5DC-4CCF-8A04-AFB0E36F5DF3}.AppStore|x86.Build.0 = Release|x86
		{35D93094-F5DC-4CCF-8A04-AFB0E36F5DF3}.AppStore|x86.Deploy.0 = Release|x86
		{35D93094-F5DC-4CCF-8A04-AFB0E36F5DF3}.Debug|Any CPU.ActiveCfg = Debug|x86
		{35D93094-F5DC-4CCF-8A04-AFB0E36F5DF3}.Debug|ARM.ActiveCfg = Debug|ARM
		{35D93094-F5DC-4CCF-8A04-AFB0E36F5DF3}.Debug|ARM.Build.0 = Debug|ARM
		{35D93094-F5DC-4CCF-8A04-AFB0E36F5DF3}.Debug|ARM.Deploy.0 = Debug|ARM
		{35D93094-F5DC-4CCF-8A04-AFB0E36F5DF3}.Debug|iPhone.ActiveCfg = Debug|x86
		{35D93094-F5DC-4CCF-8A04-AFB0E36F5DF3}.Debug|iPhoneSimulator.ActiveCfg = Debug|x86
		{35D93094-F5DC-4CCF-8A04-AFB0E36F5DF3}.Debug|x64.ActiveCfg = Debug|x64
		{35D93094-F5DC-4CCF-8A04-AFB0E36F5DF3}.Debug|x64.Build.0 = Debug|x64
		{35D93094-F5DC-4CCF-8A04-AFB0E36F5DF3}.Debug|x64.Deploy.0 = Debug|x64
		{35D93094-F5DC-4CCF-8A04-AFB0E36F5DF3}.Debug|x86.ActiveCfg = Debug|x86
		{35D93094-F5DC-4CCF-8A04-AFB0E36F5DF3}.Debug|x86.Build.0 = Debug|x86
		{35D93094-F5DC-4CCF-8A04-AFB0E36F5DF3}.Debug|x86.Deploy.0 = Debug|x86
		{35D93094-F5DC-4CCF-8A04-AFB0E36F5DF3}.Release|Any CPU.ActiveCfg = Release|x86
		{35D93094-F5DC-4CCF-8A04-AFB0E36F5DF3}.Release|ARM.ActiveCfg = Release|ARM
		{35D93094-F5DC-4CCF-8A04-AFB0E36F5DF3}.Release|ARM.Build.0 = Release|ARM
		{35D93094-F5DC-4CCF-8A04-AFB0E36F5DF3}.Release|ARM.Deploy.0 = Release|ARM
		{35D93094-F5DC-4CCF-8A04-AFB0E36F5DF3}.Release|iPhone.ActiveCfg = Release|x86
		{35D93094-F5DC-4CCF-8A04-AFB0E36F5DF3}.Release|iPhoneSimulator.ActiveCfg = Release|x86
		{35D93094-F5DC-4CCF-8A04-AFB0E36F5DF3}.Release|x64.ActiveCfg = Release|x64
		{35D93094-F5DC-4CCF-8A04-AFB0E36F5DF3}.Release|x64.Build.0 = Release|x64
		{35D93094-F5DC-4CCF-8A04-AFB0E36F5DF3}.Release|x64.Deploy.0 = Release|x64
		{35D93094-F5DC-4CCF-8A04-AFB0E36F5DF3}.Release|x86.ActiveCfg = Release|x86
		{35D93094-F5DC-4CCF-8A04-AFB0E36F5DF3}.Release|x86.Build.0 = Release|x86
		{35D93094-F5DC-4CCF-8A04-AFB0E36F5DF3}.Release|x86.Deploy.0 = Release|x86
		{2330113D-7CBB-41D7-BCA1-34FB78A39F51}.Ad-Hoc|Any CPU.ActiveCfg = Release|Any CPU
		{2330113D-7CBB-41D7-BCA1-34FB78A39F51}.Ad-Hoc|Any CPU.Build.0 = Release|Any CPU
		{2330113D-7CBB-41D7-BCA1-34FB78A39F51}.Ad-Hoc|Any CPU.Deploy.0 = Release|Any CPU
		{2330113D-7CBB-41D7-BCA1-34FB78A39F51}.Ad-Hoc|ARM.ActiveCfg = Release|ARM
		{2330113D-7CBB-41D7-BCA1-34FB78A39F51}.Ad-Hoc|ARM.Build.0 = Release|ARM
		{2330113D-7CBB-41D7-BCA1-34FB78A39F51}.Ad-Hoc|ARM.Deploy.0 = Release|ARM
		{2330113D-7CBB-41D7-BCA1-34FB78A39F51}.Ad-Hoc|iPhone.ActiveCfg = Release|Any CPU
		{2330113D-7CBB-41D7-BCA1-34FB78A39F51}.Ad-Hoc|iPhone.Build.0 = Release|Any CPU
		{2330113D-7CBB-41D7-BCA1-34FB78A39F51}.Ad-Hoc|iPhone.Deploy.0 = Release|Any CPU
		{2330113D-7CBB-41D7-BCA1-34FB78A39F51}.Ad-Hoc|iPhoneSimulator.ActiveCfg = Release|Any CPU
		{2330113D-7CBB-41D7-BCA1-34FB78A39F51}.Ad-Hoc|iPhoneSimulator.Build.0 = Release|Any CPU
		{2330113D-7CBB-41D7-BCA1-34FB78A39F51}.Ad-Hoc|iPhoneSimulator.Deploy.0 = Release|Any CPU
		{2330113D-7CBB-41D7-BCA1-34FB78A39F51}.Ad-Hoc|x64.ActiveCfg = Release|x64
		{2330113D-7CBB-41D7-BCA1-34FB78A39F51}.Ad-Hoc|x64.Build.0 = Release|x64
		{2330113D-7CBB-41D7-BCA1-34FB78A39F51}.Ad-Hoc|x64.Deploy.0 = Release|x64
		{2330113D-7CBB-41D7-BCA1-34FB78A39F51}.Ad-Hoc|x86.ActiveCfg = Release|x86
		{2330113D-7CBB-41D7-BCA1-34FB78A39F51}.Ad-Hoc|x86.Build.0 = Release|x86
		{2330113D-7CBB-41D7-BCA1-34FB78A39F51}.Ad-Hoc|x86.Deploy.0 = Release|x86
		{2330113D-7CBB-41D7-BCA1-34FB78A39F51}.AppStore|Any CPU.ActiveCfg = Release|Any CPU
		{2330113D-7CBB-41D7-BCA1-34FB78A39F51}.AppStore|Any CPU.Build.0 = Release|Any CPU
		{2330113D-7CBB-41D7-BCA1-34FB78A39F51}.AppStore|Any CPU.Deploy.0 = Release|Any CPU
		{2330113D-7CBB-41D7-BCA1-34FB78A39F51}.AppStore|ARM.ActiveCfg = Release|ARM
		{2330113D-7CBB-41D7-BCA1-34FB78A39F51}.AppStore|ARM.Build.0 = Release|ARM
		{2330113D-7CBB-41D7-BCA1-34FB78A39F51}.AppStore|ARM.Deploy.0 = Release|ARM
		{2330113D-7CBB-41D7-BCA1-34FB78A39F51}.AppStore|iPhone.ActiveCfg = Release|Any CPU
		{2330113D-7CBB-41D7-BCA1-34FB78A39F51}.AppStore|iPhone.Build.0 = Release|Any CPU
		{2330113D-7CBB-41D7-BCA1-34FB78A39F51}.AppStore|iPhone.Deploy.0 = Release|Any CPU
		{2330113D-7CBB-41D7-BCA1-34FB78A39F51}.AppStore|iPhoneSimulator.ActiveCfg = Release|Any CPU
		{2330113D-7CBB-41D7-BCA1-34FB78A39F51}.AppStore|iPhoneSimulator.Build.0 = Release|Any CPU
		{2330113D-7CBB-41D7-BCA1-34FB78A39F51}.AppStore|iPhoneSimulator.Deploy.0 = Release|Any CPU
		{2330113D-7CBB-41D7-BCA1-34FB78A39F51}.AppStore|x64.ActiveCfg = Release|x64
		{2330113D-7CBB-41D7-BCA1-34FB78A39F51}.AppStore|x64.Build.0 = Release|x64
		{2330113D-7CBB-41D7-BCA1-34FB78A39F51}.AppStore|x64.Deploy.0 = Release|x64
		{2330113D-7CBB-41D7-BCA1-34FB78A39F51}.AppStore|x86.ActiveCfg = Release|x86
		{2330113D-7CBB-41D7-BCA1-34FB78A39F51}.AppStore|x86.Build.0 = Release|x86
		{2330113D-7CBB-41D7-BCA1-34FB78A39F51}.AppStore|x86.Deploy.0 = Release|x86
		{2330113D-7CBB-41D7-BCA1-34FB78A39F51}.Debug|Any CPU.ActiveCfg = Debug|Any CPU
		{2330113D-7CBB-41D7-BCA1-34FB78A39F51}.Debug|Any CPU.Build.0 = Debug|Any CPU
		{2330113D-7CBB-41D7-BCA1-34FB78A39F51}.Debug|Any CPU.Deploy.0 = Debug|Any CPU
		{2330113D-7CBB-41D7-BCA1-34FB78A39F51}.Debug|ARM.ActiveCfg = Debug|ARM
		{2330113D-7CBB-41D7-BCA1-34FB78A39F51}.Debug|ARM.Build.0 = Debug|ARM
		{2330113D-7CBB-41D7-BCA1-34FB78A39F51}.Debug|ARM.Deploy.0 = Debug|ARM
		{2330113D-7CBB-41D7-BCA1-34FB78A39F51}.Debug|iPhone.ActiveCfg = Debug|Any CPU
		{2330113D-7CBB-41D7-BCA1-34FB78A39F51}.Debug|iPhone.Build.0 = Debug|Any CPU
		{2330113D-7CBB-41D7-BCA1-34FB78A39F51}.Debug|iPhone.Deploy.0 = Debug|Any CPU
		{2330113D-7CBB-41D7-BCA1-34FB78A39F51}.Debug|iPhoneSimulator.ActiveCfg = Debug|Any CPU
		{2330113D-7CBB-41D7-BCA1-34FB78A39F51}.Debug|iPhoneSimulator.Build.0 = Debug|Any CPU
		{2330113D-7CBB-41D7-BCA1-34FB78A39F51}.Debug|iPhoneSimulator.Deploy.0 = Debug|Any CPU
		{2330113D-7CBB-41D7-BCA1-34FB78A39F51}.Debug|x64.ActiveCfg = Debug|x64
		{2330113D-7CBB-41D7-BCA1-34FB78A39F51}.Debug|x64.Build.0 = Debug|x64
		{2330113D-7CBB-41D7-BCA1-34FB78A39F51}.Debug|x64.Deploy.0 = Debug|x64
		{2330113D-7CBB-41D7-BCA1-34FB78A39F51}.Debug|x86.ActiveCfg = Debug|x86
		{2330113D-7CBB-41D7-BCA1-34FB78A39F51}.Debug|x86.Build.0 = Debug|x86
		{2330113D-7CBB-41D7-BCA1-34FB78A39F51}.Debug|x86.Deploy.0 = Debug|x86
		{2330113D-7CBB-41D7-BCA1-34FB78A39F51}.Release|Any CPU.ActiveCfg = Release|Any CPU
		{2330113D-7CBB-41D7-BCA1-34FB78A39F51}.Release|Any CPU.Build.0 = Release|Any CPU
		{2330113D-7CBB-41D7-BCA1-34FB78A39F51}.Release|Any CPU.Deploy.0 = Release|Any CPU
		{2330113D-7CBB-41D7-BCA1-34FB78A39F51}.Release|ARM.ActiveCfg = Release|ARM
		{2330113D-7CBB-41D7-BCA1-34FB78A39F51}.Release|ARM.Build.0 = Release|ARM
		{2330113D-7CBB-41D7-BCA1-34FB78A39F51}.Release|ARM.Deploy.0 = Release|ARM
		{2330113D-7CBB-41D7-BCA1-34FB78A39F51}.Release|iPhone.ActiveCfg = Release|Any CPU
		{2330113D-7CBB-41D7-BCA1-34FB78A39F51}.Release|iPhone.Build.0 = Release|Any CPU
		{2330113D-7CBB-41D7-BCA1-34FB78A39F51}.Release|iPhone.Deploy.0 = Release|Any CPU
		{2330113D-7CBB-41D7-BCA1-34FB78A39F51}.Release|iPhoneSimulator.ActiveCfg = Release|Any CPU
		{2330113D-7CBB-41D7-BCA1-34FB78A39F51}.Release|iPhoneSimulator.Build.0 = Release|Any CPU
		{2330113D-7CBB-41D7-BCA1-34FB78A39F51}.Release|iPhoneSimulator.Deploy.0 = Release|Any CPU
		{2330113D-7CBB-41D7-BCA1-34FB78A39F51}.Release|x64.ActiveCfg = Release|x64
		{2330113D-7CBB-41D7-BCA1-34FB78A39F51}.Release|x64.Build.0 = Release|x64
		{2330113D-7CBB-41D7-BCA1-34FB78A39F51}.Release|x64.Deploy.0 = Release|x64
		{2330113D-7CBB-41D7-BCA1-34FB78A39F51}.Release|x86.ActiveCfg = Release|x86
		{2330113D-7CBB-41D7-BCA1-34FB78A39F51}.Release|x86.Build.0 = Release|x86
		{2330113D-7CBB-41D7-BCA1-34FB78A39F51}.Release|x86.Deploy.0 = Release|x86
		{A7435552-0695-446A-A60E-607BDD85D17C}.Ad-Hoc|Any CPU.ActiveCfg = Release|Any CPU
		{A7435552-0695-446A-A60E-607BDD85D17C}.Ad-Hoc|Any CPU.Build.0 = Release|Any CPU
		{A7435552-0695-446A-A60E-607BDD85D17C}.Ad-Hoc|ARM.ActiveCfg = Release|Any CPU
		{A7435552-0695-446A-A60E-607BDD85D17C}.Ad-Hoc|ARM.Build.0 = Release|Any CPU
		{A7435552-0695-446A-A60E-607BDD85D17C}.Ad-Hoc|iPhone.ActiveCfg = Release|Any CPU
		{A7435552-0695-446A-A60E-607BDD85D17C}.Ad-Hoc|iPhone.Build.0 = Release|Any CPU
		{A7435552-0695-446A-A60E-607BDD85D17C}.Ad-Hoc|iPhoneSimulator.ActiveCfg = Release|Any CPU
		{A7435552-0695-446A-A60E-607BDD85D17C}.Ad-Hoc|iPhoneSimulator.Build.0 = Release|Any CPU
		{A7435552-0695-446A-A60E-607BDD85D17C}.Ad-Hoc|x64.ActiveCfg = Release|Any CPU
		{A7435552-0695-446A-A60E-607BDD85D17C}.Ad-Hoc|x64.Build.0 = Release|Any CPU
		{A7435552-0695-446A-A60E-607BDD85D17C}.Ad-Hoc|x86.ActiveCfg = Release|Any CPU
		{A7435552-0695-446A-A60E-607BDD85D17C}.Ad-Hoc|x86.Build.0 = Release|Any CPU
		{A7435552-0695-446A-A60E-607BDD85D17C}.AppStore|Any CPU.ActiveCfg = Release|Any CPU
		{A7435552-0695-446A-A60E-607BDD85D17C}.AppStore|Any CPU.Build.0 = Release|Any CPU
		{A7435552-0695-446A-A60E-607BDD85D17C}.AppStore|ARM.ActiveCfg = Release|Any CPU
		{A7435552-0695-446A-A60E-607BDD85D17C}.AppStore|ARM.Build.0 = Release|Any CPU
		{A7435552-0695-446A-A60E-607BDD85D17C}.AppStore|iPhone.ActiveCfg = Release|Any CPU
		{A7435552-0695-446A-A60E-607BDD85D17C}.AppStore|iPhone.Build.0 = Release|Any CPU
		{A7435552-0695-446A-A60E-607BDD85D17C}.AppStore|iPhoneSimulator.ActiveCfg = Release|Any CPU
		{A7435552-0695-446A-A60E-607BDD85D17C}.AppStore|iPhoneSimulator.Build.0 = Release|Any CPU
		{A7435552-0695-446A-A60E-607BDD85D17C}.AppStore|x64.ActiveCfg = Release|Any CPU
		{A7435552-0695-446A-A60E-607BDD85D17C}.AppStore|x64.Build.0 = Release|Any CPU
		{A7435552-0695-446A-A60E-607BDD85D17C}.AppStore|x86.ActiveCfg = Release|Any CPU
		{A7435552-0695-446A-A60E-607BDD85D17C}.AppStore|x86.Build.0 = Release|Any CPU
		{A7435552-0695-446A-A60E-607BDD85D17C}.Debug|Any CPU.ActiveCfg = Debug|Any CPU
		{A7435552-0695-446A-A60E-607BDD85D17C}.Debug|Any CPU.Build.0 = Debug|Any CPU
		{A7435552-0695-446A-A60E-607BDD85D17C}.Debug|ARM.ActiveCfg = Debug|Any CPU
		{A7435552-0695-446A-A60E-607BDD85D17C}.Debug|ARM.Build.0 = Debug|Any CPU
		{A7435552-0695-446A-A60E-607BDD85D17C}.Debug|iPhone.ActiveCfg = Debug|Any CPU
		{A7435552-0695-446A-A60E-607BDD85D17C}.Debug|iPhone.Build.0 = Debug|Any CPU
		{A7435552-0695-446A-A60E-607BDD85D17C}.Debug|iPhoneSimulator.ActiveCfg = Debug|Any CPU
		{A7435552-0695-446A-A60E-607BDD85D17C}.Debug|iPhoneSimulator.Build.0 = Debug|Any CPU
		{A7435552-0695-446A-A60E-607BDD85D17C}.Debug|x64.ActiveCfg = Debug|Any CPU
		{A7435552-0695-446A-A60E-607BDD85D17C}.Debug|x64.Build.0 = Debug|Any CPU
		{A7435552-0695-446A-A60E-607BDD85D17C}.Debug|x86.ActiveCfg = Debug|Any CPU
		{A7435552-0695-446A-A60E-607BDD85D17C}.Debug|x86.Build.0 = Debug|Any CPU
		{A7435552-0695-446A-A60E-607BDD85D17C}.Release|Any CPU.ActiveCfg = Release|Any CPU
		{A7435552-0695-446A-A60E-607BDD85D17C}.Release|Any CPU.Build.0 = Release|Any CPU
		{A7435552-0695-446A-A60E-607BDD85D17C}.Release|ARM.ActiveCfg = Release|Any CPU
		{A7435552-0695-446A-A60E-607BDD85D17C}.Release|ARM.Build.0 = Release|Any CPU
		{A7435552-0695-446A-A60E-607BDD85D17C}.Release|iPhone.ActiveCfg = Release|Any CPU
		{A7435552-0695-446A-A60E-607BDD85D17C}.Release|iPhone.Build.0 = Release|Any CPU
		{A7435552-0695-446A-A60E-607BDD85D17C}.Release|iPhoneSimulator.ActiveCfg = Release|Any CPU
		{A7435552-0695-446A-A60E-607BDD85D17C}.Release|iPhoneSimulator.Build.0 = Release|Any CPU
		{A7435552-0695-446A-A60E-607BDD85D17C}.Release|x64.ActiveCfg = Release|Any CPU
		{A7435552-0695-446A-A60E-607BDD85D17C}.Release|x64.Build.0 = Release|Any CPU
		{A7435552-0695-446A-A60E-607BDD85D17C}.Release|x86.ActiveCfg = Release|Any CPU
		{A7435552-0695-446A-A60E-607BDD85D17C}.Release|x86.Build.0 = Release|Any CPU
	EndGlobalSection
	GlobalSection(SolutionProperties) = preSolution
		HideSolutionNode = FALSE
	EndGlobalSection
EndGlobal
